
Microsoft Visual Studio Solution File, Format Version 12.00
# Visual Studio Version 17
VisualStudioVersion = 17.4.33213.308
MinimumVisualStudioVersion = 10.0.40219.1
Project("{FAE04EC0-301F-11D3-BF4B-00C04F79EFBC}") = "ExTask22", "ExTask22\ExTask22.csproj", "{EEDEF2C8-8FB4-4358-87D1-3B90F9020E45}"
EndProject
Global
	GlobalSection(SolutionConfigurationPlatforms) = preSolution
		Debug|Any CPU = Debug|Any CPU
		Release|Any CPU = Release|Any CPU
	EndGlobalSection
	GlobalSection(ProjectConfigurationPlatforms) = postSolution
		{EEDEF2C8-8FB4-4358-87D1-3B90F9020E45}.Debug|Any CPU.ActiveCfg = Debug|Any CPU
		{EEDEF2C8-8FB4-4358-87D1-3B90F9020E45}.Debug|Any CPU.Build.0 = Debug|Any CPU
		{EEDEF2C8-8FB4-4358-87D1-3B90F9020E45}.Release|Any CPU.ActiveCfg = Release|Any CPU
		{EEDEF2C8-8FB4-4358-87D1-3B90F9020E45}.Release|Any CPU.Build.0 = Release|Any CPU
	EndGlobalSection
	GlobalSection(SolutionProperties) = preSolution
		HideSolutionNode = FALSE
	EndGlobalSection
	GlobalSection(ExtensibilityGlobals) = postSolution
		SolutionGuid = {6EC42F10-0AF5-4BC3-BCFD-65850401539E}
	EndGlobalSection
EndGlobal
